
Microsoft Visual Studio Solution File, Format Version 12.00
# Visual Studio Version 16
VisualStudioVersion = 16.0.31321.278
MinimumVisualStudioVersion = 10.0.40219.1
Project("{FAE04EC0-301F-11D3-BF4B-00C04F79EFBC}") = "LukePonga_Portfolio.Android", "LukePonga_Portfolio\LukePonga_Portfolio.Android\LukePonga_Portfolio.Android.csproj", "{3360B098-CAE5-4CEA-9BC6-C2F38AA273FE}"
EndProject
Project("{FAE04EC0-301F-11D3-BF4B-00C04F79EFBC}") = "LukePonga_Portfolio.iOS", "LukePonga_Portfolio\LukePonga_Portfolio.iOS\LukePonga_Portfolio.iOS.csproj", "{3A2F4723-1B14-4C32-A712-82C18308D4E9}"
EndProject
Project("{FAE04EC0-301F-11D3-BF4B-00C04F79EFBC}") = "LukePonga_Portfolio", "LukePonga_Portfolio\LukePonga_Portfolio\LukePonga_Portfolio.csproj", "{D2D09164-D891-432F-9F90-C23F895025A8}"
EndProject
Global
	GlobalSection(SolutionConfigurationPlatforms) = preSolution
		Debug|Any CPU = Debug|Any CPU
		Debug|iPhone = Debug|iPhone
		Debug|iPhoneSimulator = Debug|iPhoneSimulator
		Release|Any CPU = Release|Any CPU
		Release|iPhone = Release|iPhone
		Release|iPhoneSimulator = Release|iPhoneSimulator
	EndGlobalSection
	GlobalSection(ProjectConfigurationPlatforms) = postSolution
		{3360B098-CAE5-4CEA-9BC6-C2F38AA273FE}.Debug|Any CPU.ActiveCfg = Debug|Any CPU
		{3360B098-CAE5-4CEA-9BC6-C2F38AA273FE}.Debug|Any CPU.Build.0 = Debug|Any CPU
		{3360B098-CAE5-4CEA-9BC6-C2F38AA273FE}.Debug|Any CPU.Deploy.0 = Debug|Any CPU
		{3360B098-CAE5-4CEA-9BC6-C2F38AA273FE}.Debug|iPhone.ActiveCfg = Debug|Any CPU
		{3360B098-CAE5-4CEA-9BC6-C2F38AA273FE}.Debug|iPhone.Build.0 = Debug|Any CPU
		{3360B098-CAE5-4CEA-9BC6-C2F38AA273FE}.Debug|iPhone.Deploy.0 = Debug|Any CPU
		{3360B098-CAE5-4CEA-9BC6-C2F38AA273FE}.Debug|iPhoneSimulator.ActiveCfg = Debug|Any CPU
		{3360B098-CAE5-4CEA-9BC6-C2F38AA273FE}.Debug|iPhoneSimulator.Build.0 = Debug|Any CPU
		{3360B098-CAE5-4CEA-9BC6-C2F38AA273FE}.Debug|iPhoneSimulator.Deploy.0 = Debug|Any CPU
		{3360B098-CAE5-4CEA-9BC6-C2F38AA273FE}.Release|Any CPU.ActiveCfg = Release|Any CPU
		{3360B098-CAE5-4CEA-9BC6-C2F38AA273FE}.Release|Any CPU.Build.0 = Release|Any CPU
		{3360B098-CAE5-4CEA-9BC6-C2F38AA273FE}.Release|Any CPU.Deploy.0 = Release|Any CPU
		{3360B098-CAE5-4CEA-9BC6-C2F38AA273FE}.Release|iPhone.ActiveCfg = Release|Any CPU
		{3360B098-CAE5-4CEA-9BC6-C2F38AA273FE}.Release|iPhone.Build.0 = Release|Any CPU
		{3360B098-CAE5-4CEA-9BC6-C2F38AA273FE}.Release|iPhone.Deploy.0 = Release|Any CPU
		{3360B098-CAE5-4CEA-9BC6-C2F38AA273FE}.Release|iPhoneSimulator.ActiveCfg = Release|Any CPU
		{3360B098-CAE5-4CEA-9BC6-C2F38AA273FE}.Release|iPhoneSimulator.Build.0 = Release|Any CPU
		{3360B098-CAE5-4CEA-9BC6-C2F38AA273FE}.Release|iPhoneSimulator.Deploy.0 = Release|Any CPU
		{3A2F4723-1B14-4C32-A712-82C18308D4E9}.Debug|Any CPU.ActiveCfg = Debug|iPhone
		{3A2F4723-1B14-4C32-A712-82C18308D4E9}.Debug|Any CPU.Build.0 = Debug|iPhone
		{3A2F4723-1B14-4C32-A712-82C18308D4E9}.Debug|Any CPU.Deploy.0 = Debug|iPhone
		{3A2F4723-1B14-4C32-A712-82C18308D4E9}.Debug|iPhone.ActiveCfg = Debug|iPhone
		{3A2F4723-1B14-4C32-A712-82C18308D4E9}.Debug|iPhone.Build.0 = Debug|iPhone
		{3A2F4723-1B14-4C32-A712-82C18308D4E9}.Debug|iPhone.Deploy.0 = Debug|iPhone
		{3A2F4723-1B14-4C32-A712-82C18308D4E9}.Debug|iPhoneSimulator.ActiveCfg = Debug|iPhoneSimulator
		{3A2F4723-1B14-4C32-A712-82C18308D4E9}.Debug|iPhoneSimulator.Build.0 = Debug|iPhoneSimulator
		{3A2F4723-1B14-4C32-A712-82C18308D4E9}.Debug|iPhoneSimulator.Deploy.0 = Debug|iPhoneSimulator
		{3A2F4723-1B14-4C32-A712-82C18308D4E9}.Release|Any CPU.ActiveCfg = Release|iPhoneSimulator
		{3A2F4723-1B14-4C32-A712-82C18308D4E9}.Release|Any CPU.Build.0 = Release|iPhoneSimulator
		{3A2F4723-1B14-4C32-A712-82C18308D4E9}.Release|Any CPU.Deploy.0 = Release|iPhoneSimulator
		{3A2F4723-1B14-4C32-A712-82C18308D4E9}.Release|iPhone.ActiveCfg = Release|iPhone
		{3A2F4723-1B14-4C32-A712-82C18308D4E9}.Release|iPhone.Build.0 = Release|iPhone
		{3A2F4723-1B14-4C32-A712-82C18308D4E9}.Release|iPhone.Deploy.0 = Release|iPhone
		{3A2F4723-1B14-4C32-A712-82C18308D4E9}.Release|iPhoneSimulator.ActiveCfg = Release|iPhoneSimulator
		{3A2F4723-1B14-4C32-A712-82C18308D4E9}.Release|iPhoneSimulator.Build.0 = Release|iPhoneSimulator
		{3A2F4723-1B14-4C32-A712-82C18308D4E9}.Release|iPhoneSimulator.Deploy.0 = Release|iPhoneSimulator
		{D2D09164-D891-432F-9F90-C23F895025A8}.Debug|Any CPU.ActiveCfg = Debug|Any CPU
		{D2D09164-D891-432F-9F90-C23F895025A8}.Debug|Any CPU.Build.0 = Debug|Any CPU
		{D2D09164-D891-432F-9F90-C23F895025A8}.Debug|Any CPU.Deploy.0 = Debug|Any CPU
		{D2D09164-D891-432F-9F90-C23F895025A8}.Debug|iPhone.ActiveCfg = Debug|Any CPU
		{D2D09164-D891-432F-9F90-C23F895025A8}.Debug|iPhone.Build.0 = Debug|Any CPU
		{D2D09164-D891-432F-9F90-C23F895025A8}.Debug|iPhone.Deploy.0 = Debug|Any CPU
		{D2D09164-D891-432F-9F90-C23F895025A8}.Debug|iPhoneSimulator.ActiveCfg = Debug|Any CPU
		{D2D09164-D891-432F-9F90-C23F895025A8}.Debug|iPhoneSimulator.Build.0 = Debug|Any CPU
		{D2D09164-D891-432F-9F90-C23F895025A8}.Debug|iPhoneSimulator.Deploy.0 = Debug|Any CPU
		{D2D09164-D891-432F-9F90-C23F895025A8}.Release|Any CPU.ActiveCfg = Release|Any CPU
		{D2D09164-D891-432F-9F90-C23F895025A8}.Release|Any CPU.Build.0 = Release|Any CPU
		{D2D09164-D891-432F-9F90-C23F895025A8}.Release|Any CPU.Deploy.0 = Release|Any CPU
		{D2D09164-D891-432F-9F90-C23F895025A8}.Release|iPhone.ActiveCfg = Release|Any CPU
		{D2D09164-D891-432F-9F90-C23F895025A8}.Release|iPhone.Build.0 = Release|Any CPU
		{D2D09164-D891-432F-9F90-C23F895025A8}.Release|iPhone.Deploy.0 = Release|Any CPU
		{D2D09164-D891-432F-9F90-C23F895025A8}.Release|iPhoneSimulator.ActiveCfg = Release|Any CPU
		{D2D09164-D891-432F-9F90-C23F895025A8}.Release|iPhoneSimulator.Build.0 = Release|Any CPU
		{D2D09164-D891-432F-9F90-C23F895025A8}.Release|iPhoneSimulator.Deploy.0 = Release|Any CPU
	EndGlobalSection
	GlobalSection(SolutionProperties) = preSolution
		HideSolutionNode = FALSE
	EndGlobalSection
	GlobalSection(ExtensibilityGlobals) = postSolution
		SolutionGuid = {784716CA-14D9-471C-9974-6DECB893EA3D}
	EndGlobalSection
EndGlobal
